<?xml version="1.0" encoding="UTF-8"?>
<Scheme
   LastUpgradeVersion = "1120"
   version = "1.3">
   <BuildAction
      parallelizeBuildables = "YES"
      buildImplicitDependencies = "YES">
      <BuildActionEntries>
         <BuildActionEntry
            buildForTesting = "YES"
            buildForRunning = "YES"
            buildForProfiling = "YES"
            buildForArchiving = "YES"
            buildForAnalyzing = "YES">
            <BuildableReference
               BuildableIdentifier = "primary"
               BlueprintIdentifier = "CAEB97772370B2C20050E540"
               BuildableName = "sample-swift-sdk.app"
               BlueprintName = "sample-swift-sdk"
               ReferencedContainer = "container:sample-swift-sdk.xcodeproj">
            </BuildableReference>
         </BuildActionEntry>
      </BuildActionEntries>
   </BuildAction>
   <TestAction
      buildConfiguration = "Debug"
      selectedDebuggerIdentifier = "Xcode.DebuggerFoundation.Debugger.LLDB"
      selectedLauncherIdentifier = "Xcode.DebuggerFoundation.Launcher.LLDB"
      shouldUseLaunchSchemeArgsEnv = "YES">
      <Testables>
         <TestableReference
            skipped = "NO">
            <BuildableReference
               BuildableIdentifier = "primary"
               BlueprintIdentifier = "CAEB978D2370B2C60050E540"
               BuildableName = "sample-swift-sdkTests.xctest"
               BlueprintName = "sample-swift-sdkTests"
               ReferencedContainer = "container:sample-swift-sdk.xcodeproj">
            </BuildableReference>
         </TestableReference>
         <TestableReference
            skipped = "NO">
            <BuildableReference
               BuildableIdentifier = "primary"
               BlueprintIdentifier = "CAEB97982370B2C60050E540"
               BuildableName = "sample-swift-sdkUITests.xctest"
               BlueprintName = "sample-swift-sdkUITests"
               ReferencedContainer = "container:sample-swift-sdk.xcodeproj">
            </BuildableReference>
         </TestableReference>
      </Testables>
   </TestAction>
   <LaunchAction
      buildConfiguration = "Debug"
      selectedDebuggerIdentifier = "Xcode.DebuggerFoundation.Debugger.LLDB"
      selectedLauncherIdentifier = "Xcode.DebuggerFoundation.Launcher.LLDB"
      launchStyle = "0"
      useCustomWorkingDirectory = "NO"
      ignoresPersistentStateOnLaunch = "NO"
      debugDocumentVersioning = "YES"
      debugServiceExtension = "internal"
      allowLocationSimulation = "YES">
      <BuildableProductRunnable
         runnableDebuggingMode = "0">
         <BuildableReference
            BuildableIdentifier = "primary"
            BlueprintIdentifier = "CAEB97772370B2C20050E540"
            BuildableName = "sample-swift-sdk.app"
            BlueprintName = "sample-swift-sdk"
            ReferencedContainer = "container:sample-swift-sdk.xcodeproj">
         </BuildableReference>
      </BuildableProductRunnable>
      <EnvironmentVariables>
         <EnvironmentVariable
            key = "LOOKERSDK_CLIENT_ID"
            value = "5tsYCfRxHM5yt28WVFkQ"
            isEnabled = "YES">
         </EnvironmentVariable>
         <EnvironmentVariable
            key = "LOOKERSDK_CLIENT_SECRET"
            value = "CGr69XkDGMJb5Scnrw87wSZp"
            isEnabled = "YES">
         </EnvironmentVariable>
      </EnvironmentVariables>
   </LaunchAction>
   <ProfileAction
      buildConfiguration = "Release"
      shouldUseLaunchSchemeArgsEnv = "YES"
      savedToolIdentifier = ""
      useCustomWorkingDirectory = "NO"
      debugDocumentVersioning = "YES">
      <BuildableProductRunnable
         runnableDebuggingMode = "0">
         <BuildableReference
            BuildableIdentifier = "primary"
            BlueprintIdentifier = "CAEB97772370B2C20050E540"
            BuildableName = "sample-swift-sdk.app"
            BlueprintName = "sample-swift-sdk"
            ReferencedContainer = "container:sample-swift-sdk.xcodeproj">
         </BuildableReference>
      </BuildableProductRunnable>
   </ProfileAction>
   <AnalyzeAction
      buildConfiguration = "Debug">
   </AnalyzeAction>
   <ArchiveAction
      buildConfiguration = "Release"
      revealArchiveInOrganizer = "YES">
   </ArchiveAction>
</Scheme>
